
Microsoft Visual Studio Solution File, Format Version 12.00
# Visual Studio 2013
VisualStudioVersion = 12.0.31101.0
MinimumVisualStudioVersion = 10.0.40219.1
Project("{FAE04EC0-301F-11D3-BF4B-00C04F79EFBC}") = "Time_Clock", "Time_Clock\Time_Clock.csproj", "{0018A53F-2C6D-456B-ADF3-6E6379A82FE1}"
EndProject
Global
	GlobalSection(SolutionConfigurationPlatforms) = preSolution
		Debug|Any CPU = Debug|Any CPU
		Release|Any CPU = Release|Any CPU
	EndGlobalSection
	GlobalSection(ProjectConfigurationPlatforms) = postSolution
		{0018A53F-2C6D-456B-ADF3-6E6379A82FE1}.Debug|Any CPU.ActiveCfg = Debug|Any CPU
		{0018A53F-2C6D-456B-ADF3-6E6379A82FE1}.Debug|Any CPU.Build.0 = Debug|Any CPU
		{0018A53F-2C6D-456B-ADF3-6E6379A82FE1}.Release|Any CPU.ActiveCfg = Release|Any CPU
		{0018A53F-2C6D-456B-ADF3-6E6379A82FE1}.Release|Any CPU.Build.0 = Release|Any CPU
	EndGlobalSection
	GlobalSection(SolutionProperties) = preSolution
		HideSolutionNode = FALSE
	EndGlobalSection
EndGlobal
